// !$*UTF8*$!
{
	archiveVersion = 1;
	classes = {
	};
	objectVersion = 51;
	objects = {

/* Begin PBXBuildFile section */
		3C8D4DD0EB4FE73B9039FDDB /* Pods_TOdoForBothDatabaseandCloud.framework in Frameworks */ = {isa = PBXBuildFile; fileRef = 28DF5AAAAB0A92906D56BB81 /* Pods_TOdoForBothDatabaseandCloud.framework */; };
		43F05BDC7C1B3B4B7E290CDA /* Pods_TOdoForBothDatabaseandCloudTests.framework in Frameworks */ = {isa = PBXBuildFile; fileRef = 4056418B05AB5BE96BE25BCA /* Pods_TOdoForBothDatabaseandCloudTests.framework */; };
		60A7328625AEEA6300284620 /* AppDelegate.swift in Sources */ = {isa = PBXBuildFile; fileRef = 60A7328525AEEA6300284620 /* AppDelegate.swift */; };
		60A7328825AEEA6300284620 /* SceneDelegate.swift in Sources */ = {isa = PBXBuildFile; fileRef = 60A7328725AEEA6300284620 /* SceneDelegate.swift */; };
		60A7328A25AEEA6300284620 /* ContentView.swift in Sources */ = {isa = PBXBuildFile; fileRef = 60A7328925AEEA6300284620 /* ContentView.swift */; };
		60A7328C25AEEA6600284620 /* Assets.xcassets in Resources */ = {isa = PBXBuildFile; fileRef = 60A7328B25AEEA6600284620 /* Assets.xcassets */; };
		60A7328F25AEEA6600284620 /* Preview Assets.xcassets in Resources */ = {isa = PBXBuildFile; fileRef = 60A7328E25AEEA6600284620 /* Preview Assets.xcassets */; };
		60A7329225AEEA6600284620 /* LaunchScreen.storyboard in Resources */ = {isa = PBXBuildFile; fileRef = 60A7329025AEEA6600284620 /* LaunchScreen.storyboard */; };
		60A7329D25AEEA6600284620 /* TOdoForBothDatabaseandCloudTests.swift in Sources */ = {isa = PBXBuildFile; fileRef = 60A7329C25AEEA6600284620 /* TOdoForBothDatabaseandCloudTests.swift */; };
		60A732A825AEEA6600284620 /* TOdoForBothDatabaseandCloudUITests.swift in Sources */ = {isa = PBXBuildFile; fileRef = 60A732A725AEEA6600284620 /* TOdoForBothDatabaseandCloudUITests.swift */; };
		60A732B925AEEAAA00284620 /* GoogleService-Info.plist in Resources */ = {isa = PBXBuildFile; fileRef = 60A732B825AEEAAA00284620 /* GoogleService-Info.plist */; };
		60A732C525AEF3AD00284620 /* User.swift in Sources */ = {isa = PBXBuildFile; fileRef = 60A732C425AEF3AD00284620 /* User.swift */; };
		60A732CA25AEF3C100284620 /* TODOS.swift in Sources */ = {isa = PBXBuildFile; fileRef = 60A732C925AEF3C100284620 /* TODOS.swift */; };
		60A732EA25AEF9A700284620 /* FirebaseSession.swift in Sources */ = {isa = PBXBuildFile; fileRef = 60A732E925AEF9A700284620 /* FirebaseSession.swift */; };
		60A732F225AEFFEA00284620 /* SignUp.swift in Sources */ = {isa = PBXBuildFile; fileRef = 60A732F125AEFFEA00284620 /* SignUp.swift */; };
		60A732F725AF03F400284620 /* LoginView.swift in Sources */ = {isa = PBXBuildFile; fileRef = 60A732F625AF03F400284620 /* LoginView.swift */; };
		60A732FC25AF069800284620 /* TODORowView.swift in Sources */ = {isa = PBXBuildFile; fileRef = 60A732FB25AF069800284620 /* TODORowView.swift */; };
		60A7330125AF077300284620 /* NewTODOView.swift in Sources */ = {isa = PBXBuildFile; fileRef = 60A7330025AF077300284620 /* NewTODOView.swift */; };
		60A7330625AF0B7F00284620 /* TODODetailView.swift in Sources */ = {isa = PBXBuildFile; fileRef = 60A7330525AF0B7F00284620 /* TODODetailView.swift */; };
		784B6BB01AD53D17729BF0DC /* Pods_TOdoForBothDatabaseandCloud_TOdoForBothDatabaseandCloudUITests.framework in Frameworks */ = {isa = PBXBuildFile; fileRef = 4BEF03F5F2A72017C1D4A294 /* Pods_TOdoForBothDatabaseandCloud_TOdoForBothDatabaseandCloudUITests.framework */; };
/* End PBXBuildFile section */

/* Begin PBXContainerItemProxy section */
		60A7329925AEEA6600284620 /* PBXContainerItemProxy */ = {
			isa = PBXContainerItemProxy;
			containerPortal = 60A7327A25AEEA6300284620 /* Project object */;
			proxyType = 1;
			remoteGlobalIDString = 60A7328125AEEA6300284620;
			remoteInfo = TOdoForBothDatabaseandCloud;
		};
		60A732A425AEEA6600284620 /* PBXContainerItemProxy */ = {
			isa = PBXContainerItemProxy;
			containerPortal = 60A7327A25AEEA6300284620 /* Project object */;
			proxyType = 1;
			remoteGlobalIDString = 60A7328125AEEA6300284620;
			remoteInfo = TOdoForBothDatabaseandCloud;
		};
/* End PBXContainerItemProxy section */

/* Begin PBXFileReference section */
		03C1294027D5C1EBB0A823C7 /* Pods-TOdoForBothDatabaseandCloudTests.debug.xcconfig */ = {isa = PBXFileReference; includeInIndex = 1; lastKnownFileType = text.xcconfig; name = "Pods-TOdoForBothDatabaseandCloudTests.debug.xcconfig"; path = "Target Support Files/Pods-TOdoForBothDatabaseandCloudTests/Pods-TOdoForBothDatabaseandCloudTests.debug.xcconfig"; sourceTree = "<group>"; };
		08D903A6E512B119356748AA /* Pods-TOdoForBothDatabaseandCloudTests.release.xcconfig */ = {isa = PBXFileReference; includeInIndex = 1; lastKnownFileType = text.xcconfig; name = "Pods-TOdoForBothDatabaseandCloudTests.release.xcconfig"; path = "Target Support Files/Pods-TOdoForBothDatabaseandCloudTests/Pods-TOdoForBothDatabaseandCloudTests.release.xcconfig"; sourceTree = "<group>"; };
		09B63C713911670089711985 /* Pods-TOdoForBothDatabaseandCloud.debug.xcconfig */ = {isa = PBXFileReference; includeInIndex = 1; lastKnownFileType = text.xcconfig; name = "Pods-TOdoForBothDatabaseandCloud.debug.xcconfig"; path = "Target Support Files/Pods-TOdoForBothDatabaseandCloud/Pods-TOdoForBothDatabaseandCloud.debug.xcconfig"; sourceTree = "<group>"; };
		2081D6A309C3944BB6218F5C /* Pods-TOdoForBothDatabaseandCloud.release.xcconfig */ = {isa = PBXFileReference; includeInIndex = 1; lastKnownFileType = text.xcconfig; name = "Pods-TOdoForBothDatabaseandCloud.release.xcconfig"; path = "Target Support Files/Pods-TOdoForBothDatabaseandCloud/Pods-TOdoForBothDatabaseandCloud.release.xcconfig"; sourceTree = "<group>"; };
		2315F5AA6BB412211E027D31 /* Pods-TOdoForBothDatabaseandCloud-TOdoForBothDatabaseandCloudUITests.release.xcconfig */ = {isa = PBXFileReference; includeInIndex = 1; lastKnownFileType = text.xcconfig; name = "Pods-TOdoForBothDatabaseandCloud-TOdoForBothDatabaseandCloudUITests.release.xcconfig"; path = "Target Support Files/Pods-TOdoForBothDatabaseandCloud-TOdoForBothDatabaseandCloudUITests/Pods-TOdoForBothDatabaseandCloud-TOdoForBothDatabaseandCloudUITests.release.xcconfig"; sourceTree = "<group>"; };
		28DF5AAAAB0A92906D56BB81 /* Pods_TOdoForBothDatabaseandCloud.framework */ = {isa = PBXFileReference; explicitFileType = wrapper.framework; includeInIndex = 0; path = Pods_TOdoForBothDatabaseandCloud.framework; sourceTree = BUILT_PRODUCTS_DIR; };
		4056418B05AB5BE96BE25BCA /* Pods_TOdoForBothDatabaseandCloudTests.framework */ = {isa = PBXFileReference; explicitFileType = wrapper.framework; includeInIndex = 0; path = Pods_TOdoForBothDatabaseandCloudTests.framework; sourceTree = BUILT_PRODUCTS_DIR; };
		4BEF03F5F2A72017C1D4A294 /* Pods_TOdoForBothDatabaseandCloud_TOdoForBothDatabaseandCloudUITests.framework */ = {isa = PBXFileReference; explicitFileType = wrapper.framework; includeInIndex = 0; path = Pods_TOdoForBothDatabaseandCloud_TOdoForBothDatabaseandCloudUITests.framework; sourceTree = BUILT_PRODUCTS_DIR; };
		4CF3F67AABBB340EE50301EA /* Pods-TOdoForBothDatabaseandCloud-TOdoForBothDatabaseandCloudUITests.debug.xcconfig */ = {isa = PBXFileReference; includeInIndex = 1; lastKnownFileType = text.xcconfig; name = "Pods-TOdoForBothDatabaseandCloud-TOdoForBothDatabaseandCloudUITests.debug.xcconfig"; path = "Target Support Files/Pods-TOdoForBothDatabaseandCloud-TOdoForBothDatabaseandCloudUITests/Pods-TOdoForBothDatabaseandCloud-TOdoForBothDatabaseandCloudUITests.debug.xcconfig"; sourceTree = "<group>"; };
		60A7328225AEEA6300284620 /* TOdoForBothDatabaseandCloud.app */ = {isa = PBXFileReference; explicitFileType = wrapper.application; includeInIndex = 0; path = TOdoForBothDatabaseandCloud.app; sourceTree = BUILT_PRODUCTS_DIR; };
		60A7328525AEEA6300284620 /* AppDelegate.swift */ = {isa = PBXFileReference; lastKnownFileType = sourcecode.swift; path = AppDelegate.swift; sourceTree = "<group>"; };
		60A7328725AEEA6300284620 /* SceneDelegate.swift */ = {isa = PBXFileReference; lastKnownFileType = sourcecode.swift; path = SceneDelegate.swift; sourceTree = "<group>"; };
		60A7328925AEEA6300284620 /* ContentView.swift */ = {isa = PBXFileReference; lastKnownFileType = sourcecode.swift; path = ContentView.swift; sourceTree = "<group>"; };
		60A7328B25AEEA6600284620 /* Assets.xcassets */ = {isa = PBXFileReference; lastKnownFileType = folder.assetcatalog; path = Assets.xcassets; sourceTree = "<group>"; };
		60A7328E25AEEA6600284620 /* Preview Assets.xcassets */ = {isa = PBXFileReference; lastKnownFileType = folder.assetcatalog; path = "Preview Assets.xcassets"; sourceTree = "<group>"; };
		60A7329125AEEA6600284620 /* Base */ = {isa = PBXFileReference; lastKnownFileType = file.storyboard; name = Base; path = Base.lproj/LaunchScreen.storyboard; sourceTree = "<group>"; };
		60A7329325AEEA6600284620 /* Info.plist */ = {isa = PBXFileReference; lastKnownFileType = text.plist.xml; path = Info.plist; sourceTree = "<group>"; };
		60A7329825AEEA6600284620 /* TOdoForBothDatabaseandCloudTests.xctest */ = {isa = PBXFileReference; explicitFileType = wrapper.cfbundle; includeInIndex = 0; path = TOdoForBothDatabaseandCloudTests.xctest; sourceTree = BUILT_PRODUCTS_DIR; };
		60A7329C25AEEA6600284620 /* TOdoForBothDatabaseandCloudTests.swift */ = {isa = PBXFileReference; lastKnownFileType = sourcecode.swift; path = TOdoForBothDatabaseandCloudTests.swift; sourceTree = "<group>"; };
		60A7329E25AEEA6600284620 /* Info.plist */ = {isa = PBXFileReference; lastKnownFileType = text.plist.xml; path = Info.plist; sourceTree = "<group>"; };
		60A732A325AEEA6600284620 /* TOdoForBothDatabaseandCloudUITests.xctest */ = {isa = PBXFileReference; explicitFileType = wrapper.cfbundle; includeInIndex = 0; path = TOdoForBothDatabaseandCloudUITests.xctest; sourceTree = BUILT_PRODUCTS_DIR; };
		60A732A725AEEA6600284620 /* TOdoForBothDatabaseandCloudUITests.swift */ = {isa = PBXFileReference; lastKnownFileType = sourcecode.swift; path = TOdoForBothDatabaseandCloudUITests.swift; sourceTree = "<group>"; };
		60A732A925AEEA6600284620 /* Info.plist */ = {isa = PBXFileReference; lastKnownFileType = text.plist.xml; path = Info.plist; sourceTree = "<group>"; };
		60A732B825AEEAAA00284620 /* GoogleService-Info.plist */ = {isa = PBXFileReference; fileEncoding = 4; lastKnownFileType = text.plist.xml; path = "GoogleService-Info.plist"; sourceTree = "<group>"; };
		60A732C425AEF3AD00284620 /* User.swift */ = {isa = PBXFileReference; lastKnownFileType = sourcecode.swift; path = User.swift; sourceTree = "<group>"; };
		60A732C925AEF3C100284620 /* TODOS.swift */ = {isa = PBXFileReference; lastKnownFileType = sourcecode.swift; path = TODOS.swift; sourceTree = "<group>"; };
		60A732E925AEF9A700284620 /* FirebaseSession.swift */ = {isa = PBXFileReference; lastKnownFileType = sourcecode.swift; path = FirebaseSession.swift; sourceTree = "<group>"; };
		60A732F125AEFFEA00284620 /* SignUp.swift */ = {isa = PBXFileReference; lastKnownFileType = sourcecode.swift; path = SignUp.swift; sourceTree = "<group>"; };
		60A732F625AF03F400284620 /* LoginView.swift */ = {isa = PBXFileReference; lastKnownFileType = sourcecode.swift; path = LoginView.swift; sourceTree = "<group>"; };
		60A732FB25AF069800284620 /* TODORowView.swift */ = {isa = PBXFileReference; lastKnownFileType = sourcecode.swift; path = TODORowView.swift; sourceTree = "<group>"; };
		60A7330025AF077300284620 /* NewTODOView.swift */ = {isa = PBXFileReference; lastKnownFileType = sourcecode.swift; path = NewTODOView.swift; sourceTree = "<group>"; };
		60A7330525AF0B7F00284620 /* TODODetailView.swift */ = {isa = PBXFileReference; lastKnownFileType = sourcecode.swift; path = TODODetailView.swift; sourceTree = "<group>"; };
/* End PBXFileReference section */

/* Begin PBXFrameworksBuildPhase section */
		60A7327F25AEEA6300284620 /* Frameworks */ = {
			isa = PBXFrameworksBuildPhase;
			buildActionMask = 2147483647;
			files = (
				3C8D4DD0EB4FE73B9039FDDB /* Pods_TOdoForBothDatabaseandCloud.framework in Frameworks */,
			);
			runOnlyForDeploymentPostprocessing = 0;
		};
		60A7329525AEEA6600284620 /* Frameworks */ = {
			isa = PBXFrameworksBuildPhase;
			buildActionMask = 2147483647;
			files = (
				43F05BDC7C1B3B4B7E290CDA /* Pods_TOdoForBothDatabaseandCloudTests.framework in Frameworks */,
			);
			runOnlyForDeploymentPostprocessing = 0;
		};
		60A732A025AEEA6600284620 /* Frameworks */ = {
			isa = PBXFrameworksBuildPhase;
			buildActionMask = 2147483647;
			files = (
				784B6BB01AD53D17729BF0DC /* Pods_TOdoForBothDatabaseandCloud_TOdoForBothDatabaseandCloudUITests.framework in Frameworks */,
			);
			runOnlyForDeploymentPostprocessing = 0;
		};
/* End PBXFrameworksBuildPhase section */

/* Begin PBXGroup section */
		60A7327925AEEA6300284620 = {
			isa = PBXGroup;
			children = (
				60A7328425AEEA6300284620 /* TOdoForBothDatabaseandCloud */,
				60A7329B25AEEA6600284620 /* TOdoForBothDatabaseandCloudTests */,
				60A732A625AEEA6600284620 /* TOdoForBothDatabaseandCloudUITests */,
				60A7328325AEEA6300284620 /* Products */,
				96386655B82514ADC9D35D1C /* Pods */,
				EB9739EE7074B0B97BB88123 /* Frameworks */,
			);
			sourceTree = "<group>";
		};
		60A7328325AEEA6300284620 /* Products */ = {
			isa = PBXGroup;
			children = (
				60A7328225AEEA6300284620 /* TOdoForBothDatabaseandCloud.app */,
				60A7329825AEEA6600284620 /* TOdoForBothDatabaseandCloudTests.xctest */,
				60A732A325AEEA6600284620 /* TOdoForBothDatabaseandCloudUITests.xctest */,
			);
			name = Products;
			sourceTree = "<group>";
		};
		60A7328425AEEA6300284620 /* TOdoForBothDatabaseandCloud */ = {
			isa = PBXGroup;
			children = (
				60A732E825AEF94300284620 /* Views */,
				60A7328525AEEA6300284620 /* AppDelegate.swift */,
				60A7328725AEEA6300284620 /* SceneDelegate.swift */,
				60A732C325AEF39800284620 /* Model */,
				60A7328B25AEEA6600284620 /* Assets.xcassets */,
				60A7329025AEEA6600284620 /* LaunchScreen.storyboard */,
				60A732B825AEEAAA00284620 /* GoogleService-Info.plist */,
				60A7329325AEEA6600284620 /* Info.plist */,
				60A7328D25AEEA6600284620 /* Preview Content */,
			);
			path = TOdoForBothDatabaseandCloud;
			sourceTree = "<group>";
		};
		60A7328D25AEEA6600284620 /* Preview Content */ = {
			isa = PBXGroup;
			children = (
				60A7328E25AEEA6600284620 /* Preview Assets.xcassets */,
			);
			path = "Preview Content";
			sourceTree = "<group>";
		};
		60A7329B25AEEA6600284620 /* TOdoForBothDatabaseandCloudTests */ = {
			isa = PBXGroup;
			children = (
				60A7329C25AEEA6600284620 /* TOdoForBothDatabaseandCloudTests.swift */,
				60A7329E25AEEA6600284620 /* Info.plist */,
			);
			path = TOdoForBothDatabaseandCloudTests;
			sourceTree = "<group>";
		};
		60A732A625AEEA6600284620 /* TOdoForBothDatabaseandCloudUITests */ = {
			isa = PBXGroup;
			children = (
				60A732A725AEEA6600284620 /* TOdoForBothDatabaseandCloudUITests.swift */,
				60A732A925AEEA6600284620 /* Info.plist */,
			);
			path = TOdoForBothDatabaseandCloudUITests;
			sourceTree = "<group>";
		};
		60A732C325AEF39800284620 /* Model */ = {
			isa = PBXGroup;
			children = (
				60A732C425AEF3AD00284620 /* User.swift */,
				60A732C925AEF3C100284620 /* TODOS.swift */,
			);
			path = Model;
			sourceTree = "<group>";
		};
		60A732E825AEF94300284620 /* Views */ = {
			isa = PBXGroup;
			children = (
				60A7328925AEEA6300284620 /* ContentView.swift */,
				60A7330525AF0B7F00284620 /* TODODetailView.swift */,
				60A732F125AEFFEA00284620 /* SignUp.swift */,
				60A732F625AF03F400284620 /* LoginView.swift */,
				60A732E925AEF9A700284620 /* FirebaseSession.swift */,
				60A732FB25AF069800284620 /* TODORowView.swift */,
				60A7330025AF077300284620 /* NewTODOView.swift */,
			);
			path = Views;
			sourceTree = "<group>";
		};
		96386655B82514ADC9D35D1C /* Pods */ = {
			isa = PBXGroup;
			children = (
				09B63C713911670089711985 /* Pods-TOdoForBothDatabaseandCloud.debug.xcconfig */,
				2081D6A309C3944BB6218F5C /* Pods-TOdoForBothDatabaseandCloud.release.xcconfig */,
				4CF3F67AABBB340EE50301EA /* Pods-TOdoForBothDatabaseandCloud-TOdoForBothDatabaseandCloudUITests.debug.xcconfig */,
				2315F5AA6BB412211E027D31 /* Pods-TOdoForBothDatabaseandCloud-TOdoForBothDatabaseandCloudUITests.release.xcconfig */,
				03C1294027D5C1EBB0A823C7 /* Pods-TOdoForBothDatabaseandCloudTests.debug.xcconfig */,
				08D903A6E512B119356748AA /* Pods-TOdoForBothDatabaseandCloudTests.release.xcconfig */,
			);
			path = Pods;
			sourceTree = "<group>";
		};
		EB9739EE7074B0B97BB88123 /* Frameworks */ = {
			isa = PBXGroup;
			children = (
				28DF5AAAAB0A92906D56BB81 /* Pods_TOdoForBothDatabaseandCloud.framework */,
				4BEF03F5F2A72017C1D4A294 /* Pods_TOdoForBothDatabaseandCloud_TOdoForBothDatabaseandCloudUITests.framework */,
				4056418B05AB5BE96BE25BCA /* Pods_TOdoForBothDatabaseandCloudTests.framework */,
			);
			name = Frameworks;
			sourceTree = "<group>";
		};
/* End PBXGroup section */

/* Begin PBXNativeTarget section */
		60A7328125AEEA6300284620 /* TOdoForBothDatabaseandCloud */ = {
			isa = PBXNativeTarget;
			buildConfigurationList = 60A732AC25AEEA6600284620 /* Build configuration list for PBXNativeTarget "TOdoForBothDatabaseandCloud" */;
			buildPhases = (
				C9C1F9FA7A79BC02A3518447 /* [CP] Check Pods Manifest.lock */,
				60A7327E25AEEA6300284620 /* Sources */,
				60A7327F25AEEA6300284620 /* Frameworks */,
				60A7328025AEEA6300284620 /* Resources */,
				325D161370922F6E1F644B73 /* [CP] Embed Pods Frameworks */,
			);
			buildRules = (
			);
			dependencies = (
			);
			name = TOdoForBothDatabaseandCloud;
			productName = TOdoForBothDatabaseandCloud;
			productReference = 60A7328225AEEA6300284620 /* TOdoForBothDatabaseandCloud.app */;
			productType = "com.apple.product-type.application";
		};
		60A7329725AEEA6600284620 /* TOdoForBothDatabaseandCloudTests */ = {
			isa = PBXNativeTarget;
			buildConfigurationList = 60A732AF25AEEA6600284620 /* Build configuration list for PBXNativeTarget "TOdoForBothDatabaseandCloudTests" */;
			buildPhases = (
				EDD58D66F09CF9E58621512F /* [CP] Check Pods Manifest.lock */,
				60A7329425AEEA6600284620 /* Sources */,
				60A7329525AEEA6600284620 /* Frameworks */,
				60A7329625AEEA6600284620 /* Resources */,
			);
			buildRules = (
			);
			dependencies = (
				60A7329A25AEEA6600284620 /* PBXTargetDependency */,
			);
			name = TOdoForBothDatabaseandCloudTests;
			productName = TOdoForBothDatabaseandCloudTests;
			productReference = 60A7329825AEEA6600284620 /* TOdoForBothDatabaseandCloudTests.xctest */;
			productType = "com.apple.product-type.bundle.unit-test";
		};
		60A732A225AEEA6600284620 /* TOdoForBothDatabaseandCloudUITests */ = {
			isa = PBXNativeTarget;
			buildConfigurationList = 60A732B225AEEA6600284620 /* Build configuration list for PBXNativeTarget "TOdoForBothDatabaseandCloudUITests" */;
			buildPhases = (
				20BC9E1BCD636BD9AB61A948 /* [CP] Check Pods Manifest.lock */,
				60A7329F25AEEA6600284620 /* Sources */,
				60A732A025AEEA6600284620 /* Frameworks */,
				60A732A125AEEA6600284620 /* Resources */,
				E2DB4FA2F471914FC69DFEFC /* [CP] Embed Pods Frameworks */,
			);
			buildRules = (
			);
			dependencies = (
				60A732A525AEEA6600284620 /* PBXTargetDependency */,
			);
			name = TOdoForBothDatabaseandCloudUITests;
			productName = TOdoForBothDatabaseandCloudUITests;
			productReference = 60A732A325AEEA6600284620 /* TOdoForBothDatabaseandCloudUITests.xctest */;
			productType = "com.apple.product-type.bundle.ui-testing";
		};
/* End PBXNativeTarget section */

/* Begin PBXProject section */
		60A7327A25AEEA6300284620 /* Project object */ = {
			isa = PBXProject;
			attributes = {
				LastSwiftUpdateCheck = 1210;
				LastUpgradeCheck = 1210;
				TargetAttributes = {
					60A7328125AEEA6300284620 = {
						CreatedOnToolsVersion = 12.1;
					};
					60A7329725AEEA6600284620 = {
						CreatedOnToolsVersion = 12.1;
						TestTargetID = 60A7328125AEEA6300284620;
					};
					60A732A225AEEA6600284620 = {
						CreatedOnToolsVersion = 12.1;
						TestTargetID = 60A7328125AEEA6300284620;
					};
				};
			};
			buildConfigurationList = 60A7327D25AEEA6300284620 /* Build configuration list for PBXProject "TOdoForBothDatabaseandCloud" */;
			compatibilityVersion = "Xcode 9.3";
			developmentRegion = en;
			hasScannedForEncodings = 0;
			knownRegions = (
				en,
				Base,
			);
			mainGroup = 60A7327925AEEA6300284620;
			productRefGroup = 60A7328325AEEA6300284620 /* Products */;
			projectDirPath = "";
			projectRoot = "";
			targets = (
				60A7328125AEEA6300284620 /* TOdoForBothDatabaseandCloud */,
				60A7329725AEEA6600284620 /* TOdoForBothDatabaseandCloudTests */,
				60A732A225AEEA6600284620 /* TOdoForBothDatabaseandCloudUITests */,
			);
		};
/* End PBXProject section */

/* Begin PBXResourcesBuildPhase section */
		60A7328025AEEA6300284620 /* Resources */ = {
			isa = PBXResourcesBuildPhase;
			buildActionMask = 2147483647;
			files = (
				60A7329225AEEA6600284620 /* LaunchScreen.storyboard in Resources */,
				60A732B925AEEAAA00284620 /* GoogleService-Info.plist in Resources */,
				60A7328F25AEEA6600284620 /* Preview Assets.xcassets in Resources */,
				60A7328C25AEEA6600284620 /* Assets.xcassets in Resources */,
			);
			runOnlyForDeploymentPostprocessing = 0;
		};
		60A7329625AEEA6600284620 /* Resources */ = {
			isa = PBXResourcesBuildPhase;
			buildActionMask = 2147483647;
			files = (
			);
			runOnlyForDeploymentPostprocessing = 0;
		};
		60A732A125AEEA6600284620 /* Resources */ = {
			isa = PBXResourcesBuildPhase;
			buildActionMask = 2147483647;
			files = (
			);
			runOnlyForDeploymentPostprocessing = 0;
		};
/* End PBXResourcesBuildPhase section */

/* Begin PBXShellScriptBuildPhase section */
		20BC9E1BCD636BD9AB61A948 /* [CP] Check Pods Manifest.lock */ = {
			isa = PBXShellScriptBuildPhase;
			buildActionMask = 2147483647;
			files = (
			);
			inputFileListPaths = (
			);
			inputPaths = (
				"${PODS_PODFILE_DIR_PATH}/Podfile.lock",
				"${PODS_ROOT}/Manifest.lock",
			);
			name = "[CP] Check Pods Manifest.lock";
			outputFileListPaths = (
			);
			outputPaths = (
				"$(DERIVED_FILE_DIR)/Pods-TOdoForBothDatabaseandCloud-TOdoForBothDatabaseandCloudUITests-checkManifestLockResult.txt",
			);
			runOnlyForDeploymentPostprocessing = 0;
			shellPath = /bin/sh;
			shellScript = "diff \"${PODS_PODFILE_DIR_PATH}/Podfile.lock\" \"${PODS_ROOT}/Manifest.lock\" > /dev/null\nif [ $? != 0 ] ; then\n    # print error to STDERR\n    echo \"error: The sandbox is not in sync with the Podfile.lock. Run 'pod install' or update your CocoaPods installation.\" >&2\n    exit 1\nfi\n# This output is used by Xcode 'outputs' to avoid re-running this script phase.\necho \"SUCCESS\" > \"${SCRIPT_OUTPUT_FILE_0}\"\n";
			showEnvVarsInLog = 0;
		};
		325D161370922F6E1F644B73 /* [CP] Embed Pods Frameworks */ = {
			isa = PBXShellScriptBuildPhase;
			buildActionMask = 2147483647;
			files = (
			);
			inputFileListPaths = (
				"${PODS_ROOT}/Target Support Files/Pods-TOdoForBothDatabaseandCloud/Pods-TOdoForBothDatabaseandCloud-frameworks-${CONFIGURATION}-input-files.xcfilelist",
			);
			name = "[CP] Embed Pods Frameworks";
			outputFileListPaths = (
				"${PODS_ROOT}/Target Support Files/Pods-TOdoForBothDatabaseandCloud/Pods-TOdoForBothDatabaseandCloud-frameworks-${CONFIGURATION}-output-files.xcfilelist",
			);
			runOnlyForDeploymentPostprocessing = 0;
			shellPath = /bin/sh;
			shellScript = "\"${PODS_ROOT}/Target Support Files/Pods-TOdoForBothDatabaseandCloud/Pods-TOdoForBothDatabaseandCloud-frameworks.sh\"\n";
			showEnvVarsInLog = 0;
		};
		C9C1F9FA7A79BC02A3518447 /* [CP] Check Pods Manifest.lock */ = {
			isa = PBXShellScriptBuildPhase;
			buildActionMask = 2147483647;
			files = (
			);
			inputFileListPaths = (
			);
			inputPaths = (
				"${PODS_PODFILE_DIR_PATH}/Podfile.lock",
				"${PODS_ROOT}/Manifest.lock",
			);
			name = "[CP] Check Pods Manifest.lock";
			outputFileListPaths = (
			);
			outputPaths = (
				"$(DERIVED_FILE_DIR)/Pods-TOdoForBothDatabaseandCloud-checkManifestLockResult.txt",
			);
			runOnlyForDeploymentPostprocessing = 0;
			shellPath = /bin/sh;
			shellScript = "diff \"${PODS_PODFILE_DIR_PATH}/Podfile.lock\" \"${PODS_ROOT}/Manifest.lock\" > /dev/null\nif [ $? != 0 ] ; then\n    # print error to STDERR\n    echo \"error: The sandbox is not in sync with the Podfile.lock. Run 'pod install' or update your CocoaPods installation.\" >&2\n    exit 1\nfi\n# This output is used by Xcode 'outputs' to avoid re-running this script phase.\necho \"SUCCESS\" > \"${SCRIPT_OUTPUT_FILE_0}\"\n";
			showEnvVarsInLog = 0;
		};
		E2DB4FA2F471914FC69DFEFC /* [CP] Embed Pods Frameworks */ = {
			isa = PBXShellScriptBuildPhase;
			buildActionMask = 2147483647;
			files = (
			);
			inputFileListPaths = (
				"${PODS_ROOT}/Target Support Files/Pods-TOdoForBothDatabaseandCloud-TOdoForBothDatabaseandCloudUITests/Pods-TOdoForBothDatabaseandCloud-TOdoForBothDatabaseandCloudUITests-frameworks-${CONFIGURATION}-input-files.xcfilelist",
			);
			name = "[CP] Embed Pods Frameworks";
			outputFileListPaths = (
				"${PODS_ROOT}/Target Support Files/Pods-TOdoForBothDatabaseandCloud-TOdoForBothDatabaseandCloudUITests/Pods-TOdoForBothDatabaseandCloud-TOdoForBothDatabaseandCloudUITests-frameworks-${CONFIGURATION}-output-files.xcfilelist",
			);
			runOnlyForDeploymentPostprocessing = 0;
			shellPath = /bin/sh;
			shellScript = "\"${PODS_ROOT}/Target Support Files/Pods-TOdoForBothDatabaseandCloud-TOdoForBothDatabaseandCloudUITests/Pods-TOdoForBothDatabaseandCloud-TOdoForBothDatabaseandCloudUITests-frameworks.sh\"\n";
			showEnvVarsInLog = 0;
		};
		EDD58D66F09CF9E58621512F /* [CP] Check Pods Manifest.lock */ = {
			isa = PBXShellScriptBuildPhase;
			buildActionMask = 2147483647;
			files = (
			);
			inputFileListPaths = (
			);
			inputPaths = (
				"${PODS_PODFILE_DIR_PATH}/Podfile.lock",
				"${PODS_ROOT}/Manifest.lock",
			);
			name = "[CP] Check Pods Manifest.lock";
			outputFileListPaths = (
			);
			outputPaths = (
				"$(DERIVED_FILE_DIR)/Pods-TOdoForBothDatabaseandCloudTests-checkManifestLockResult.txt",
			);
			runOnlyForDeploymentPostprocessing = 0;
			shellPath = /bin/sh;
			shellScript = "diff \"${PODS_PODFILE_DIR_PATH}/Podfile.lock\" \"${PODS_ROOT}/Manifest.lock\" > /dev/null\nif [ $? != 0 ] ; then\n    # print error to STDERR\n    echo \"error: The sandbox is not in sync with the Podfile.lock. Run 'pod install' or update your CocoaPods installation.\" >&2\n    exit 1\nfi\n# This output is used by Xcode 'outputs' to avoid re-running this script phase.\necho \"SUCCESS\" > \"${SCRIPT_OUTPUT_FILE_0}\"\n";
			showEnvVarsInLog = 0;
		};
/* End PBXShellScriptBuildPhase section */

/* Begin PBXSourcesBuildPhase section */
		60A7327E25AEEA6300284620 /* Sources */ = {
			isa = PBXSourcesBuildPhase;
			buildActionMask = 2147483647;
			files = (
				60A732F225AEFFEA00284620 /* SignUp.swift in Sources */,
				60A732C525AEF3AD00284620 /* User.swift in Sources */,
				60A732FC25AF069800284620 /* TODORowView.swift in Sources */,
				60A7330125AF077300284620 /* NewTODOView.swift in Sources */,
				60A7328625AEEA6300284620 /* AppDelegate.swift in Sources */,
				60A7330625AF0B7F00284620 /* TODODetailView.swift in Sources */,
				60A7328825AEEA6300284620 /* SceneDelegate.swift in Sources */,
				60A732EA25AEF9A700284620 /* FirebaseSession.swift in Sources */,
				60A7328A25AEEA6300284620 /* ContentView.swift in Sources */,
				60A732F725AF03F400284620 /* LoginView.swift in Sources */,
				60A732CA25AEF3C100284620 /* TODOS.swift in Sources */,
			);
			runOnlyForDeploymentPostprocessing = 0;
		};
		60A7329425AEEA6600284620 /* Sources */ = {
			isa = PBXSourcesBuildPhase;
			buildActionMask = 2147483647;
			files = (
				60A7329D25AEEA6600284620 /* TOdoForBothDatabaseandCloudTests.swift in Sources */,
			);
			runOnlyForDeploymentPostprocessing = 0;
		};
		60A7329F25AEEA6600284620 /* Sources */ = {
			isa = PBXSourcesBuildPhase;
			buildActionMask = 2147483647;
			files = (
				60A732A825AEEA6600284620 /* TOdoForBothDatabaseandCloudUITests.swift in Sources */,
			);
			runOnlyForDeploymentPostprocessing = 0;
		};
/* End PBXSourcesBuildPhase section */

/* Begin PBXTargetDependency section */
		60A7329A25AEEA6600284620 /* PBXTargetDependency */ = {
			isa = PBXTargetDependency;
			target = 60A7328125AEEA6300284620 /* TOdoForBothDatabaseandCloud */;
			targetProxy = 60A7329925AEEA6600284620 /* PBXContainerItemProxy */;
		};
		60A732A525AEEA6600284620 /* PBXTargetDependency */ = {
			isa = PBXTargetDependency;
			target = 60A7328125AEEA6300284620 /* TOdoForBothDatabaseandCloud */;
			targetProxy = 60A732A425AEEA6600284620 /* PBXContainerItemProxy */;
		};
/* End PBXTargetDependency section */

/* Begin PBXVariantGroup section */
		60A7329025AEEA6600284620 /* LaunchScreen.storyboard */ = {
			isa = PBXVariantGroup;
			children = (
				60A7329125AEEA6600284620 /* Base */,
			);
			name = LaunchScreen.storyboard;
			sourceTree = "<group>";
		};
/* End PBXVariantGroup section */

/* Begin XCBuildConfiguration section */
		60A732AA25AEEA6600284620 /* Debug */ = {
			isa = XCBuildConfiguration;
			buildSettings = {
				ALWAYS_SEARCH_USER_PATHS = NO;
				CLANG_ANALYZER_NONNULL = YES;
				CLANG_ANALYZER_NUMBER_OBJECT_CONVERSION = YES_AGGRESSIVE;
				CLANG_CXX_LANGUAGE_STANDARD = "gnu++14";
				CLANG_CXX_LIBRARY = "libc++";
				CLANG_ENABLE_MODULES = YES;
				CLANG_ENABLE_OBJC_ARC = YES;
				CLANG_ENABLE_OBJC_WEAK = YES;
				CLANG_WARN_BLOCK_CAPTURE_AUTORELEASING = YES;
				CLANG_WARN_BOOL_CONVERSION = YES;
				CLANG_WARN_COMMA = YES;
				CLANG_WARN_CONSTANT_CONVERSION = YES;
				CLANG_WARN_DEPRECATED_OBJC_IMPLEMENTATIONS = YES;
				CLANG_WARN_DIRECT_OBJC_ISA_USAGE = YES_ERROR;
				CLANG_WARN_DOCUMENTATION_COMMENTS = YES;
				CLANG_WARN_EMPTY_BODY = YES;
				CLANG_WARN_ENUM_CONVERSION = YES;
				CLANG_WARN_INFINITE_RECURSION = YES;
				CLANG_WARN_INT_CONVERSION = YES;
				CLANG_WARN_NON_LITERAL_NULL_CONVERSION = YES;
				CLANG_WARN_OBJC_IMPLICIT_RETAIN_SELF = YES;
				CLANG_WARN_OBJC_LITERAL_CONVERSION = YES;
				CLANG_WARN_OBJC_ROOT_CLASS = YES_ERROR;
				CLANG_WARN_QUOTED_INCLUDE_IN_FRAMEWORK_HEADER = YES;
				CLANG_WARN_RANGE_LOOP_ANALYSIS = YES;
				CLANG_WARN_STRICT_PROTOTYPES = YES;
				CLANG_WARN_SUSPICIOUS_MOVE = YES;
				CLANG_WARN_UNGUARDED_AVAILABILITY = YES_AGGRESSIVE;
				CLANG_WARN_UNREACHABLE_CODE = YES;
				CLANG_WARN__DUPLICATE_METHOD_MATCH = YES;
				COPY_PHASE_STRIP = NO;
				DEBUG_INFORMATION_FORMAT = dwarf;
				ENABLE_STRICT_OBJC_MSGSEND = YES;
				ENABLE_TESTABILITY = YES;
				GCC_C_LANGUAGE_STANDARD = gnu11;
				GCC_DYNAMIC_NO_PIC = NO;
				GCC_NO_COMMON_BLOCKS = YES;
				GCC_OPTIMIZATION_LEVEL = 0;
				GCC_PREPROCESSOR_DEFINITIONS = (
					"DEBUG=1",
					"$(inherited)",
				);
				GCC_WARN_64_TO_32_BIT_CONVERSION = YES;
				GCC_WARN_ABOUT_RETURN_TYPE = YES_ERROR;
				GCC_WARN_UNDECLARED_SELECTOR = YES;
				GCC_WARN_UNINITIALIZED_AUTOS = YES_AGGRESSIVE;
				GCC_WARN_UNUSED_FUNCTION = YES;
				GCC_WARN_UNUSED_VARIABLE = YES;
				IPHONEOS_DEPLOYMENT_TARGET = 14.1;
				MTL_ENABLE_DEBUG_INFO = INCLUDE_SOURCE;
				MTL_FAST_MATH = YES;
				ONLY_ACTIVE_ARCH = YES;
				SDKROOT = iphoneos;
				SWIFT_ACTIVE_COMPILATION_CONDITIONS = DEBUG;
				SWIFT_OPTIMIZATION_LEVEL = "-Onone";
			};
			name = Debug;
		};
		60A732AB25AEEA6600284620 /* Release */ = {
			isa = XCBuildConfiguration;
			buildSettings = {
				ALWAYS_SEARCH_USER_PATHS = NO;
				CLANG_ANALYZER_NONNULL = YES;
				CLANG_ANALYZER_NUMBER_OBJECT_CONVERSION = YES_AGGRESSIVE;
				CLANG_CXX_LANGUAGE_STANDARD = "gnu++14";
				CLANG_CXX_LIBRARY = "libc++";
				CLANG_ENABLE_MODULES = YES;
				CLANG_ENABLE_OBJC_ARC = YES;
				CLANG_ENABLE_OBJC_WEAK = YES;
				CLANG_WARN_BLOCK_CAPTURE_AUTORELEASING = YES;
				CLANG_WARN_BOOL_CONVERSION = YES;
				CLANG_WARN_COMMA = YES;
				CLANG_WARN_CONSTANT_CONVERSION = YES;
				CLANG_WARN_DEPRECATED_OBJC_IMPLEMENTATIONS = YES;
				CLANG_WARN_DIRECT_OBJC_ISA_USAGE = YES_ERROR;
				CLANG_WARN_DOCUMENTATION_COMMENTS = YES;
				CLANG_WARN_EMPTY_BODY = YES;
				CLANG_WARN_ENUM_CONVERSION = YES;
				CLANG_WARN_INFINITE_RECURSION = YES;
				CLANG_WARN_INT_CONVERSION = YES;
				CLANG_WARN_NON_LITERAL_NULL_CONVERSION = YES;
				CLANG_WARN_OBJC_IMPLICIT_RETAIN_SELF = YES;
				CLANG_WARN_OBJC_LITERAL_CONVERSION = YES;
				CLANG_WARN_OBJC_ROOT_CLASS = YES_ERROR;
				CLANG_WARN_QUOTED_INCLUDE_IN_FRAMEWORK_HEADER = YES;
				CLANG_WARN_RANGE_LOOP_ANALYSIS = YES;
				CLANG_WARN_STRICT_PROTOTYPES = YES;
				CLANG_WARN_SUSPICIOUS_MOVE = YES;
				CLANG_WARN_UNGUARDED_AVAILABILITY = YES_AGGRESSIVE;
				CLANG_WARN_UNREACHABLE_CODE = YES;
				CLANG_WARN__DUPLICATE_METHOD_MATCH = YES;
				COPY_PHASE_STRIP = NO;
				DEBUG_INFORMATION_FORMAT = "dwarf-with-dsym";
				ENABLE_NS_ASSERTIONS = NO;
				ENABLE_STRICT_OBJC_MSGSEND = YES;
				GCC_C_LANGUAGE_STANDARD = gnu11;
				GCC_NO_COMMON_BLOCKS = YES;
				GCC_WARN_64_TO_32_BIT_CONVERSION = YES;
				GCC_WARN_ABOUT_RETURN_TYPE = YES_ERROR;
				GCC_WARN_UNDECLARED_SELECTOR = YES;
				GCC_WARN_UNINITIALIZED_AUTOS = YES_AGGRESSIVE;
				GCC_WARN_UNUSED_FUNCTION = YES;
				GCC_WARN_UNUSED_VARIABLE = YES;
				IPHONEOS_DEPLOYMENT_TARGET = 14.1;
				MTL_ENABLE_DEBUG_INFO = NO;
				MTL_FAST_MATH = YES;
				SDKROOT = iphoneos;
				SWIFT_COMPILATION_MODE = wholemodule;
				SWIFT_OPTIMIZATION_LEVEL = "-O";
				VALIDATE_PRODUCT = YES;
			};
			name = Release;
		};
		60A732AD25AEEA6600284620 /* Debug */ = {
			isa = XCBuildConfiguration;
			baseConfigurationReference = 09B63C713911670089711985 /* Pods-TOdoForBothDatabaseandCloud.debug.xcconfig */;
			buildSettings = {
				ASSETCATALOG_COMPILER_APPICON_NAME = AppIcon;
				ASSETCATALOG_COMPILER_GLOBAL_ACCENT_COLOR_NAME = AccentColor;
				CODE_SIGN_STYLE = Automatic;
				DEVELOPMENT_ASSET_PATHS = "\"TOdoForBothDatabaseandCloud/Preview Content\"";
				DEVELOPMENT_TEAM = DD73F8592Z;
				ENABLE_PREVIEWS = YES;
				INFOPLIST_FILE = TOdoForBothDatabaseandCloud/Info.plist;
				LD_RUNPATH_SEARCH_PATHS = (
					"$(inherited)",
					"@executable_path/Frameworks",
				);
				PRODUCT_BUNDLE_IDENTIFIER = com.knoxpo.ToDoDemoFireCloude;
				PRODUCT_NAME = "$(TARGET_NAME)";
				SWIFT_VERSION = 5.0;
				TARGETED_DEVICE_FAMILY = "1,2";
			};
			name = Debug;
		};
		60A732AE25AEEA6600284620 /* Release */ = {
			isa = XCBuildConfiguration;
			baseConfigurationReference = 2081D6A309C3944BB6218F5C /* Pods-TOdoForBothDatabaseandCloud.release.xcconfig */;
			buildSettings = {
				ASSETCATALOG_COMPILER_APPICON_NAME = AppIcon;
				ASSETCATALOG_COMPILER_GLOBAL_ACCENT_COLOR_NAME = AccentColor;
				CODE_SIGN_STYLE = Automatic;
				DEVELOPMENT_ASSET_PATHS = "\"TOdoForBothDatabaseandCloud/Preview Content\"";
				DEVELOPMENT_TEAM = DD73F8592Z;
				ENABLE_PREVIEWS = YES;
				INFOPLIST_FILE = TOdoForBothDatabaseandCloud/Info.plist;
				LD_RUNPATH_SEARCH_PATHS = (
					"$(inherited)",
					"@executable_path/Frameworks",
				);
				PRODUCT_BUNDLE_IDENTIFIER = com.knoxpo.ToDoDemoFireCloude;
				PRODUCT_NAME = "$(TARGET_NAME)";
				SWIFT_VERSION = 5.0;
				TARGETED_DEVICE_FAMILY = "1,2";
			};
			name = Release;
		};
		60A732B025AEEA6600284620 /* Debug */ = {
			isa = XCBuildConfiguration;
			baseConfigurationReference = 03C1294027D5C1EBB0A823C7 /* Pods-TOdoForBothDatabaseandCloudTests.debug.xcconfig */;
			buildSettings = {
				ALWAYS_EMBED_SWIFT_STANDARD_LIBRARIES = YES;
				BUNDLE_LOADER = "$(TEST_HOST)";
				CODE_SIGN_STYLE = Automatic;
				DEVELOPMENT_TEAM = DD73F8592Z;
				INFOPLIST_FILE = TOdoForBothDatabaseandCloudTests/Info.plist;
				IPHONEOS_DEPLOYMENT_TARGET = 14.1;
				LD_RUNPATH_SEARCH_PATHS = (
					"$(inherited)",
					"@executable_path/Frameworks",
					"@loader_path/Frameworks",
				);
				PRODUCT_BUNDLE_IDENTIFIER = knoxpo.TOdoForBothDatabaseandCloudTests;
				PRODUCT_NAME = "$(TARGET_NAME)";
				SWIFT_VERSION = 5.0;
				TARGETED_DEVICE_FAMILY = "1,2";
				TEST_HOST = "$(BUILT_PRODUCTS_DIR)/TOdoForBothDatabaseandCloud.app/TOdoForBothDatabaseandCloud";
			};
			name = Debug;
		};
		60A732B125AEEA6600284620 /* Release */ = {
			isa = XCBuildConfiguration;
			baseConfigurationReference = 08D903A6E512B119356748AA /* Pods-TOdoForBothDatabaseandCloudTests.release.xcconfig */;
			buildSettings = {
				ALWAYS_EMBED_SWIFT_STANDARD_LIBRARIES = YES;
				BUNDLE_LOADER = "$(TEST_HOST)";
				CODE_SIGN_STYLE = Automatic;
				DEVELOPMENT_TEAM = DD73F8592Z;
				INFOPLIST_FILE = TOdoForBothDatabaseandCloudTests/Info.plist;
				IPHONEOS_DEPLOYMENT_TARGET = 14.1;
				LD_RUNPATH_SEARCH_PATHS = (
					"$(inherited)",
					"@executable_path/Frameworks",
					"@loader_path/Frameworks",
				);
				PRODUCT_BUNDLE_IDENTIFIER = knoxpo.TOdoForBothDatabaseandCloudTests;
				PRODUCT_NAME = "$(TARGET_NAME)";
				SWIFT_VERSION = 5.0;
				TARGETED_DEVICE_FAMILY = "1,2";
				TEST_HOST = "$(BUILT_PRODUCTS_DIR)/TOdoForBothDatabaseandCloud.app/TOdoForBothDatabaseandCloud";
			};
			name = Release;
		};
		60A732B325AEEA6600284620 /* Debug */ = {
			isa = XCBuildConfiguration;
			baseConfigurationReference = 4CF3F67AABBB340EE50301EA /* Pods-TOdoForBothDatabaseandCloud-TOdoForBothDatabaseandCloudUITests.debug.xcconfig */;
			buildSettings = {
				ALWAYS_EMBED_SWIFT_STANDARD_LIBRARIES = YES;
				CODE_SIGN_STYLE = Automatic;
				DEVELOPMENT_TEAM = DD73F8592Z;
				INFOPLIST_FILE = TOdoForBothDatabaseandCloudUITests/Info.plist;
				LD_RUNPATH_SEARCH_PATHS = (
					"$(inherited)",
					"@executable_path/Frameworks",
					"@loader_path/Frameworks",
				);
				PRODUCT_BUNDLE_IDENTIFIER = knoxpo.TOdoForBothDatabaseandCloudUITests;
				PRODUCT_NAME = "$(TARGET_NAME)";
				SWIFT_VERSION = 5.0;
				TARGETED_DEVICE_FAMILY = "1,2";
				TEST_TARGET_NAME = TOdoForBothDatabaseandCloud;
			};
			name = Debug;
		};
		60A732B425AEEA6600284620 /* Release */ = {
			isa = XCBuildConfiguration;
			baseConfigurationReference = 2315F5AA6BB412211E027D31 /* Pods-TOdoForBothDatabaseandCloud-TOdoForBothDatabaseandCloudUITests.release.xcconfig */;
			buildSettings = {
				ALWAYS_EMBED_SWIFT_STANDARD_LIBRARIES = YES;
				CODE_SIGN_STYLE = Automatic;
				DEVELOPMENT_TEAM = DD73F8592Z;
				INFOPLIST_FILE = TOdoForBothDatabaseandCloudUITests/Info.plist;
				LD_RUNPATH_SEARCH_PATHS = (
					"$(inherited)",
					"@executable_path/Frameworks",
					"@loader_path/Frameworks",
				);
				PRODUCT_BUNDLE_IDENTIFIER = knoxpo.TOdoForBothDatabaseandCloudUITests;
				PRODUCT_NAME = "$(TARGET_NAME)";
				SWIFT_VERSION = 5.0;
				TARGETED_DEVICE_FAMILY = "1,2";
				TEST_TARGET_NAME = TOdoForBothDatabaseandCloud;
			};
			name = Release;
		};
/* End XCBuildConfiguration section */

/* Begin XCConfigurationList section */
		60A7327D25AEEA6300284620 /* Build configuration list for PBXProject "TOdoForBothDatabaseandCloud" */ = {
			isa = XCConfigurationList;
			buildConfigurations = (
				60A732AA25AEEA6600284620 /* Debug */,
				60A732AB25AEEA6600284620 /* Release */,
			);
			defaultConfigurationIsVisible = 0;
			defaultConfigurationName = Release;
		};
		60A732AC25AEEA6600284620 /* Build configuration list for PBXNativeTarget "TOdoForBothDatabaseandCloud" */ = {
			isa = XCConfigurationList;
			buildConfigurations = (
				60A732AD25AEEA6600284620 /* Debug */,
				60A732AE25AEEA6600284620 /* Release */,
			);
			defaultConfigurationIsVisible = 0;
			defaultConfigurationName = Release;
		};
		60A732AF25AEEA6600284620 /* Build configuration list for PBXNativeTarget "TOdoForBothDatabaseandCloudTests" */ = {
			isa = XCConfigurationList;
			buildConfigurations = (
				60A732B025AEEA6600284620 /* Debug */,
				60A732B125AEEA6600284620 /* Release */,
			);
			defaultConfigurationIsVisible = 0;
			defaultConfigurationName = Release;
		};
		60A732B225AEEA6600284620 /* Build configuration list for PBXNativeTarget "TOdoForBothDatabaseandCloudUITests" */ = {
			isa = XCConfigurationList;
			buildConfigurations = (
				60A732B325AEEA6600284620 /* Debug */,
				60A732B425AEEA6600284620 /* Release */,
			);
			defaultConfigurationIsVisible = 0;
			defaultConfigurationName = Release;
		};
/* End XCConfigurationList section */
	};
	rootObject = 60A7327A25AEEA6300284620 /* Project object */;
}
